
Microsoft Visual Studio Solution File, Format Version 11.00
# Visual Studio 2010
# SharpDevelop 4.4
Project("{FAE04EC0-301F-11D3-BF4B-00C04F79EFBC}") = "SISTEMA_DE_ALMACEN", "SISTEMA_DE_ALMACEN\SISTEMA_DE_ALMACEN.csproj", "{0D6A4078-B0D0-4AC0-A7D6-54FD309FEB0D}"
EndProject
Global
	GlobalSection(SolutionConfigurationPlatforms) = preSolution
		Debug|Any CPU = Debug|Any CPU
		Release|Any CPU = Release|Any CPU
	EndGlobalSection
	GlobalSection(ProjectConfigurationPlatforms) = postSolution
		{0D6A4078-B0D0-4AC0-A7D6-54FD309FEB0D}.Debug|Any CPU.Build.0 = Debug|Any CPU
		{0D6A4078-B0D0-4AC0-A7D6-54FD309FEB0D}.Debug|Any CPU.ActiveCfg = Debug|Any CPU
		{0D6A4078-B0D0-4AC0-A7D6-54FD309FEB0D}.Release|Any CPU.Build.0 = Release|Any CPU
		{0D6A4078-B0D0-4AC0-A7D6-54FD309FEB0D}.Release|Any CPU.ActiveCfg = Release|Any CPU
	EndGlobalSection
EndGlobal
